
Microsoft Visual Studio Solution File, Format Version 12.00
# Visual Studio Version 17
VisualStudioVersion = 17.5.33414.496
MinimumVisualStudioVersion = 10.0.40219.1
Project("{9A19103F-16F7-4668-BE54-9A1E7A4F7556}") = "DefineAnInterfaceIPerson", "DefineAnInterfaceIPerson\DefineAnInterfaceIPerson.csproj", "{0164B125-2FB5-46E2-BCD1-8139C46CCD88}"
EndProject
Project("{9A19103F-16F7-4668-BE54-9A1E7A4F7556}") = "MultipleImplementation", "MultipleImplementation\MultipleImplementation.csproj", "{53A6A93D-3E04-46C3-B396-693AB1F3847A}"
EndProject
Project("{9A19103F-16F7-4668-BE54-9A1E7A4F7556}") = "Telephony", "Telephony\Telephony.csproj", "{E3B54E2C-F585-4F44-B1B2-D5D2E4FD25E4}"
EndProject
Project("{9A19103F-16F7-4668-BE54-9A1E7A4F7556}") = "BorderControl", "BorderControl\BorderControl.csproj", "{A259CF41-6A73-4806-AE3C-C13E7CA4B0B1}"
EndProject
Project("{9A19103F-16F7-4668-BE54-9A1E7A4F7556}") = "BirthdayCelebrations", "BirthdayCelebrations\BirthdayCelebrations.csproj", "{FE9596C8-1DBF-44BC-BF9B-5AF176FC0CD8}"
EndProject
Project("{9A19103F-16F7-4668-BE54-9A1E7A4F7556}") = "FoodShortage", "FoodShortage\FoodShortage.csproj", "{3469B694-9C9D-4404-941F-3DC5777768B3}"
EndProject
Project("{9A19103F-16F7-4668-BE54-9A1E7A4F7556}") = "MilitaryElite", "MilitaryElite\MilitaryElite.csproj", "{8BF8BFC5-C9B8-4A05-BA24-9346C2929781}"
EndProject
Project("{FAE04EC0-301F-11D3-BF4B-00C04F79EFBC}") = "CollectionHierarchy", "CollectionHierarchy\CollectionHierarchy.csproj", "{A8240D77-7846-4B82-99A6-3F0E475D19E0}"
EndProject
Project("{FAE04EC0-301F-11D3-BF4B-00C04F79EFBC}") = "ExplicitInterfaces", "ExplicitInterfaces\ExplicitInterfaces.csproj", "{F20F1365-0ED0-48FE-99CD-D974E2F5B1D1}"
EndProject
Global
	GlobalSection(SolutionConfigurationPlatforms) = preSolution
		Debug|Any CPU = Debug|Any CPU
		Release|Any CPU = Release|Any CPU
	EndGlobalSection
	GlobalSection(ProjectConfigurationPlatforms) = postSolution
		{0164B125-2FB5-46E2-BCD1-8139C46CCD88}.Debug|Any CPU.ActiveCfg = Debug|Any CPU
		{0164B125-2FB5-46E2-BCD1-8139C46CCD88}.Debug|Any CPU.Build.0 = Debug|Any CPU
		{0164B125-2FB5-46E2-BCD1-8139C46CCD88}.Release|Any CPU.ActiveCfg = Release|Any CPU
		{0164B125-2FB5-46E2-BCD1-8139C46CCD88}.Release|Any CPU.Build.0 = Release|Any CPU
		{53A6A93D-3E04-46C3-B396-693AB1F3847A}.Debug|Any CPU.ActiveCfg = Debug|Any CPU
		{53A6A93D-3E04-46C3-B396-693AB1F3847A}.Debug|Any CPU.Build.0 = Debug|Any CPU
		{53A6A93D-3E04-46C3-B396-693AB1F3847A}.Release|Any CPU.ActiveCfg = Release|Any CPU
		{53A6A93D-3E04-46C3-B396-693AB1F3847A}.Release|Any CPU.Build.0 = Release|Any CPU
		{E3B54E2C-F585-4F44-B1B2-D5D2E4FD25E4}.Debug|Any CPU.ActiveCfg = Debug|Any CPU
		{E3B54E2C-F585-4F44-B1B2-D5D2E4FD25E4}.Debug|Any CPU.Build.0 = Debug|Any CPU
		{E3B54E2C-F585-4F44-B1B2-D5D2E4FD25E4}.Release|Any CPU.ActiveCfg = Release|Any CPU
		{E3B54E2C-F585-4F44-B1B2-D5D2E4FD25E4}.Release|Any CPU.Build.0 = Release|Any CPU
		{A259CF41-6A73-4806-AE3C-C13E7CA4B0B1}.Debug|Any CPU.ActiveCfg = Debug|Any CPU
		{A259CF41-6A73-4806-AE3C-C13E7CA4B0B1}.Debug|Any CPU.Build.0 = Debug|Any CPU
		{A259CF41-6A73-4806-AE3C-C13E7CA4B0B1}.Release|Any CPU.ActiveCfg = Release|Any CPU
		{A259CF41-6A73-4806-AE3C-C13E7CA4B0B1}.Release|Any CPU.Build.0 = Release|Any CPU
		{FE9596C8-1DBF-44BC-BF9B-5AF176FC0CD8}.Debug|Any CPU.ActiveCfg = Debug|Any CPU
		{FE9596C8-1DBF-44BC-BF9B-5AF176FC0CD8}.Debug|Any CPU.Build.0 = Debug|Any CPU
		{FE9596C8-1DBF-44BC-BF9B-5AF176FC0CD8}.Release|Any CPU.ActiveCfg = Release|Any CPU
		{FE9596C8-1DBF-44BC-BF9B-5AF176FC0CD8}.Release|Any CPU.Build.0 = Release|Any CPU
		{3469B694-9C9D-4404-941F-3DC5777768B3}.Debug|Any CPU.ActiveCfg = Debug|Any CPU
		{3469B694-9C9D-4404-941F-3DC5777768B3}.Debug|Any CPU.Build.0 = Debug|Any CPU
		{3469B694-9C9D-4404-941F-3DC5777768B3}.Release|Any CPU.ActiveCfg = Release|Any CPU
		{3469B694-9C9D-4404-941F-3DC5777768B3}.Release|Any CPU.Build.0 = Release|Any CPU
		{8BF8BFC5-C9B8-4A05-BA24-9346C2929781}.Debug|Any CPU.ActiveCfg = Debug|Any CPU
		{8BF8BFC5-C9B8-4A05-BA24-9346C2929781}.Debug|Any CPU.Build.0 = Debug|Any CPU
		{8BF8BFC5-C9B8-4A05-BA24-9346C2929781}.Release|Any CPU.ActiveCfg = Release|Any CPU
		{8BF8BFC5-C9B8-4A05-BA24-9346C2929781}.Release|Any CPU.Build.0 = Release|Any CPU
		{A8240D77-7846-4B82-99A6-3F0E475D19E0}.Debug|Any CPU.ActiveCfg = Debug|Any CPU
		{A8240D77-7846-4B82-99A6-3F0E475D19E0}.Debug|Any CPU.Build.0 = Debug|Any CPU
		{A8240D77-7846-4B82-99A6-3F0E475D19E0}.Release|Any CPU.ActiveCfg = Release|Any CPU
		{A8240D77-7846-4B82-99A6-3F0E475D19E0}.Release|Any CPU.Build.0 = Release|Any CPU
		{F20F1365-0ED0-48FE-99CD-D974E2F5B1D1}.Debug|Any CPU.ActiveCfg = Debug|Any CPU
		{F20F1365-0ED0-48FE-99CD-D974E2F5B1D1}.Debug|Any CPU.Build.0 = Debug|Any CPU
		{F20F1365-0ED0-48FE-99CD-D974E2F5B1D1}.Release|Any CPU.ActiveCfg = Release|Any CPU
		{F20F1365-0ED0-48FE-99CD-D974E2F5B1D1}.Release|Any CPU.Build.0 = Release|Any CPU
	EndGlobalSection
	GlobalSection(SolutionProperties) = preSolution
		HideSolutionNode = FALSE
	EndGlobalSection
	GlobalSection(ExtensibilityGlobals) = postSolution
		SolutionGuid = {1EC32D70-8B7D-4658-94D4-90DEA7A6E993}
	EndGlobalSection
EndGlobal
