
Microsoft Visual Studio Solution File, Format Version 12.00
# Visual Studio Version 16
VisualStudioVersion = 16.0.33027.164
MinimumVisualStudioVersion = 10.0.40219.1
Project("{FAE04EC0-301F-11D3-BF4B-00C04F79EFBC}") = "Demo", "Demo\Demo.csproj", "{92E4307D-47BB-4BBE-BDF2-E38BC459AE71}"
EndProject
Project("{FAE04EC0-301F-11D3-BF4B-00C04F79EFBC}") = "1. Library", "1. Library\1. Library.csproj", "{00B040FD-CEBB-4728-8EA6-FD8D2BADF628}"
EndProject
Project("{FAE04EC0-301F-11D3-BF4B-00C04F79EFBC}") = "2. Library Iterator", "2. Library Iterator\2. Library Iterator.csproj", "{8CAA28A1-AE33-4038-85E6-D21C0E7C578C}"
EndProject
Global
	GlobalSection(SolutionConfigurationPlatforms) = preSolution
		Debug|Any CPU = Debug|Any CPU
		Release|Any CPU = Release|Any CPU
	EndGlobalSection
	GlobalSection(ProjectConfigurationPlatforms) = postSolution
		{92E4307D-47BB-4BBE-BDF2-E38BC459AE71}.Debug|Any CPU.ActiveCfg = Debug|Any CPU
		{92E4307D-47BB-4BBE-BDF2-E38BC459AE71}.Debug|Any CPU.Build.0 = Debug|Any CPU
		{92E4307D-47BB-4BBE-BDF2-E38BC459AE71}.Release|Any CPU.ActiveCfg = Release|Any CPU
		{92E4307D-47BB-4BBE-BDF2-E38BC459AE71}.Release|Any CPU.Build.0 = Release|Any CPU
		{00B040FD-CEBB-4728-8EA6-FD8D2BADF628}.Debug|Any CPU.ActiveCfg = Debug|Any CPU
		{00B040FD-CEBB-4728-8EA6-FD8D2BADF628}.Debug|Any CPU.Build.0 = Debug|Any CPU
		{00B040FD-CEBB-4728-8EA6-FD8D2BADF628}.Release|Any CPU.ActiveCfg = Release|Any CPU
		{00B040FD-CEBB-4728-8EA6-FD8D2BADF628}.Release|Any CPU.Build.0 = Release|Any CPU
		{8CAA28A1-AE33-4038-85E6-D21C0E7C578C}.Debug|Any CPU.ActiveCfg = Debug|Any CPU
		{8CAA28A1-AE33-4038-85E6-D21C0E7C578C}.Debug|Any CPU.Build.0 = Debug|Any CPU
		{8CAA28A1-AE33-4038-85E6-D21C0E7C578C}.Release|Any CPU.ActiveCfg = Release|Any CPU
		{8CAA28A1-AE33-4038-85E6-D21C0E7C578C}.Release|Any CPU.Build.0 = Release|Any CPU
	EndGlobalSection
	GlobalSection(SolutionProperties) = preSolution
		HideSolutionNode = FALSE
	EndGlobalSection
	GlobalSection(ExtensibilityGlobals) = postSolution
		SolutionGuid = {D80150B4-055B-419A-87BE-3084C21F9134}
	EndGlobalSection
EndGlobal
