
Microsoft Visual Studio Solution File, Format Version 12.00
# Visual Studio Version 16
VisualStudioVersion = 16.0.33027.164
MinimumVisualStudioVersion = 10.0.40219.1
Project("{9A19103F-16F7-4668-BE54-9A1E7A4F7556}") = "1. Sum Matrix Elements", "1. Sum Matrix Elements\1. Sum Matrix Elements.csproj", "{CA82668C-E826-4736-9D36-96F4BE8F90AA}"
EndProject
Project("{FAE04EC0-301F-11D3-BF4B-00C04F79EFBC}") = "2. Sum Matrix Columns", "2. Sum Matrix Columns\2. Sum Matrix Columns.csproj", "{7914275F-3398-4089-AA12-66F36086F0FA}"
EndProject
Project("{FAE04EC0-301F-11D3-BF4B-00C04F79EFBC}") = "3. Primary Diagonal", "3. Primary Diagonal\3. Primary Diagonal.csproj", "{0A043A89-F513-4CF8-A306-15A493DDDA28}"
EndProject
Project("{FAE04EC0-301F-11D3-BF4B-00C04F79EFBC}") = "4. Symbol in Matrix", "4. Symbol in Matrix\4. Symbol in Matrix.csproj", "{79EB06EA-2359-4723-8C3B-38A5BEE511FD}"
EndProject
Project("{FAE04EC0-301F-11D3-BF4B-00C04F79EFBC}") = "5. Square with Maximum Sum", "5. Square with Maximum Sum\5. Square with Maximum Sum.csproj", "{80A419F2-EAD4-4A0D-B407-02DB4B097577}"
EndProject
Project("{FAE04EC0-301F-11D3-BF4B-00C04F79EFBC}") = "6. Jagged-Array Modification", "6. Jagged-Array Modification\6. Jagged-Array Modification.csproj", "{066AA466-59F7-4F19-A055-D33B2E8F911D}"
EndProject
Project("{FAE04EC0-301F-11D3-BF4B-00C04F79EFBC}") = "7. Pascal Triangle", "7. Pascal Triangle\7. Pascal Triangle.csproj", "{340226DE-8DFC-41D8-93CA-905F0320CDFF}"
EndProject
Global
	GlobalSection(SolutionConfigurationPlatforms) = preSolution
		Debug|Any CPU = Debug|Any CPU
		Release|Any CPU = Release|Any CPU
	EndGlobalSection
	GlobalSection(ProjectConfigurationPlatforms) = postSolution
		{CA82668C-E826-4736-9D36-96F4BE8F90AA}.Debug|Any CPU.ActiveCfg = Debug|Any CPU
		{CA82668C-E826-4736-9D36-96F4BE8F90AA}.Debug|Any CPU.Build.0 = Debug|Any CPU
		{CA82668C-E826-4736-9D36-96F4BE8F90AA}.Release|Any CPU.ActiveCfg = Release|Any CPU
		{CA82668C-E826-4736-9D36-96F4BE8F90AA}.Release|Any CPU.Build.0 = Release|Any CPU
		{7914275F-3398-4089-AA12-66F36086F0FA}.Debug|Any CPU.ActiveCfg = Debug|Any CPU
		{7914275F-3398-4089-AA12-66F36086F0FA}.Debug|Any CPU.Build.0 = Debug|Any CPU
		{7914275F-3398-4089-AA12-66F36086F0FA}.Release|Any CPU.ActiveCfg = Release|Any CPU
		{7914275F-3398-4089-AA12-66F36086F0FA}.Release|Any CPU.Build.0 = Release|Any CPU
		{0A043A89-F513-4CF8-A306-15A493DDDA28}.Debug|Any CPU.ActiveCfg = Debug|Any CPU
		{0A043A89-F513-4CF8-A306-15A493DDDA28}.Debug|Any CPU.Build.0 = Debug|Any CPU
		{0A043A89-F513-4CF8-A306-15A493DDDA28}.Release|Any CPU.ActiveCfg = Release|Any CPU
		{0A043A89-F513-4CF8-A306-15A493DDDA28}.Release|Any CPU.Build.0 = Release|Any CPU
		{79EB06EA-2359-4723-8C3B-38A5BEE511FD}.Debug|Any CPU.ActiveCfg = Debug|Any CPU
		{79EB06EA-2359-4723-8C3B-38A5BEE511FD}.Debug|Any CPU.Build.0 = Debug|Any CPU
		{79EB06EA-2359-4723-8C3B-38A5BEE511FD}.Release|Any CPU.ActiveCfg = Release|Any CPU
		{79EB06EA-2359-4723-8C3B-38A5BEE511FD}.Release|Any CPU.Build.0 = Release|Any CPU
		{80A419F2-EAD4-4A0D-B407-02DB4B097577}.Debug|Any CPU.ActiveCfg = Debug|Any CPU
		{80A419F2-EAD4-4A0D-B407-02DB4B097577}.Debug|Any CPU.Build.0 = Debug|Any CPU
		{80A419F2-EAD4-4A0D-B407-02DB4B097577}.Release|Any CPU.ActiveCfg = Release|Any CPU
		{80A419F2-EAD4-4A0D-B407-02DB4B097577}.Release|Any CPU.Build.0 = Release|Any CPU
		{066AA466-59F7-4F19-A055-D33B2E8F911D}.Debug|Any CPU.ActiveCfg = Debug|Any CPU
		{066AA466-59F7-4F19-A055-D33B2E8F911D}.Debug|Any CPU.Build.0 = Debug|Any CPU
		{066AA466-59F7-4F19-A055-D33B2E8F911D}.Release|Any CPU.ActiveCfg = Release|Any CPU
		{066AA466-59F7-4F19-A055-D33B2E8F911D}.Release|Any CPU.Build.0 = Release|Any CPU
		{340226DE-8DFC-41D8-93CA-905F0320CDFF}.Debug|Any CPU.ActiveCfg = Debug|Any CPU
		{340226DE-8DFC-41D8-93CA-905F0320CDFF}.Debug|Any CPU.Build.0 = Debug|Any CPU
		{340226DE-8DFC-41D8-93CA-905F0320CDFF}.Release|Any CPU.ActiveCfg = Release|Any CPU
		{340226DE-8DFC-41D8-93CA-905F0320CDFF}.Release|Any CPU.Build.0 = Release|Any CPU
	EndGlobalSection
	GlobalSection(SolutionProperties) = preSolution
		HideSolutionNode = FALSE
	EndGlobalSection
	GlobalSection(ExtensibilityGlobals) = postSolution
		SolutionGuid = {6ACF8D87-83DD-4D95-9E4D-944C9AE44DB5}
	EndGlobalSection
EndGlobal
