
Microsoft Visual Studio Solution File, Format Version 12.00
# Visual Studio Version 17
VisualStudioVersion = 17.6.33723.286
MinimumVisualStudioVersion = 10.0.40219.1
Project("{FAE04EC0-301F-11D3-BF4B-00C04F79EFBC}") = "ForumApp", "ForumApp\ForumApp.csproj", "{88AC1CA1-5EFF-4FC0-A3D6-62C733B83F77}"
EndProject
Project("{FAE04EC0-301F-11D3-BF4B-00C04F79EFBC}") = "ForumApp.Infrastructure", "ForumApp.Infrastructure\ForumApp.Infrastructure.csproj", "{6DF9F021-824E-4BD3-866A-39AF67F0DC3F}"
EndProject
Project("{FAE04EC0-301F-11D3-BF4B-00C04F79EFBC}") = "ForumApp.Core", "ForumApp.Core\ForumApp.Core.csproj", "{2FE88C25-6A2C-4245-95E5-CF168868E4AF}"
EndProject
Global
	GlobalSection(SolutionConfigurationPlatforms) = preSolution
		Debug|Any CPU = Debug|Any CPU
		Release|Any CPU = Release|Any CPU
	EndGlobalSection
	GlobalSection(ProjectConfigurationPlatforms) = postSolution
		{88AC1CA1-5EFF-4FC0-A3D6-62C733B83F77}.Debug|Any CPU.ActiveCfg = Debug|Any CPU
		{88AC1CA1-5EFF-4FC0-A3D6-62C733B83F77}.Debug|Any CPU.Build.0 = Debug|Any CPU
		{88AC1CA1-5EFF-4FC0-A3D6-62C733B83F77}.Release|Any CPU.ActiveCfg = Release|Any CPU
		{88AC1CA1-5EFF-4FC0-A3D6-62C733B83F77}.Release|Any CPU.Build.0 = Release|Any CPU
		{6DF9F021-824E-4BD3-866A-39AF67F0DC3F}.Debug|Any CPU.ActiveCfg = Debug|Any CPU
		{6DF9F021-824E-4BD3-866A-39AF67F0DC3F}.Debug|Any CPU.Build.0 = Debug|Any CPU
		{6DF9F021-824E-4BD3-866A-39AF67F0DC3F}.Release|Any CPU.ActiveCfg = Release|Any CPU
		{6DF9F021-824E-4BD3-866A-39AF67F0DC3F}.Release|Any CPU.Build.0 = Release|Any CPU
		{2FE88C25-6A2C-4245-95E5-CF168868E4AF}.Debug|Any CPU.ActiveCfg = Debug|Any CPU
		{2FE88C25-6A2C-4245-95E5-CF168868E4AF}.Debug|Any CPU.Build.0 = Debug|Any CPU
		{2FE88C25-6A2C-4245-95E5-CF168868E4AF}.Release|Any CPU.ActiveCfg = Release|Any CPU
		{2FE88C25-6A2C-4245-95E5-CF168868E4AF}.Release|Any CPU.Build.0 = Release|Any CPU
	EndGlobalSection
	GlobalSection(SolutionProperties) = preSolution
		HideSolutionNode = FALSE
	EndGlobalSection
	GlobalSection(ExtensibilityGlobals) = postSolution
		SolutionGuid = {9F7B6AE8-76FA-443D-B052-CC26B4BDE06D}
	EndGlobalSection
EndGlobal
